{
  "originHash" : "54814439bf5cc7b8532ca1a714fd6fed75d275e4a0a3bb60351127afb9791973",
  "pins" : [
    {
      "identity" : "dynamicnotchkit",
      "kind" : "remoteSourceControl",
      "location" : "https://github.com/MrKai77/DynamicNotchKit",
      "state" : {
        "revision" : "cd0b3e52d537db115ad3a9d89601f20e0bee8d27",
        "version" : "1.1.0"
      }
    }
  ],
  "version" : 3
}
